// !$*UTF8*$!
{
	archiveVersion = 1;
	classes = {
	};
	objectVersion = 46;
	objects = {

/* Begin PBXBuildFile section */
		BFD8C7EB1CC8C2CE008C852E /* AppDelegate.swift in Sources */ = {isa = PBXBuildFile; fileRef = BFD8C7EA1CC8C2CE008C852E /* AppDelegate.swift */; };
		BFD8C7ED1CC8C2CE008C852E /* ViewController.swift in Sources */ = {isa = PBXBuildFile; fileRef = BFD8C7EC1CC8C2CE008C852E /* ViewController.swift */; };
		BFD8C7F01CC8C2CE008C852E /* Main.storyboard in Resources */ = {isa = PBXBuildFile; fileRef = BFD8C7EE1CC8C2CE008C852E /* Main.storyboard */; };
		BFD8C7F21CC8C2CE008C852E /* Assets.xcassets in Resources */ = {isa = PBXBuildFile; fileRef = BFD8C7F11CC8C2CE008C852E /* Assets.xcassets */; };
		BFD8C7F51CC8C2CE008C852E /* LaunchScreen.storyboard in Resources */ = {isa = PBXBuildFile; fileRef = BFD8C7F31CC8C2CE008C852E /* LaunchScreen.storyboard */; };
/* End PBXBuildFile section */

/* Begin PBXFileReference section */
		BFD8C7E71CC8C2CE008C852E /* hello.app */ = {isa = PBXFileReference; explicitFileType = wrapper.application; includeInIndex = 0; path = hello.app; sourceTree = BUILT_PRODUCTS_DIR; };
		BFD8C7EA1CC8C2CE008C852E /* AppDelegate.swift */ = {isa = PBXFileReference; lastKnownFileType = sourcecode.swift; path = AppDelegate.swift; sourceTree = "<group>"; };
		BFD8C7EC1CC8C2CE008C852E /* ViewController.swift */ = {isa = PBXFileReference; lastKnownFileType = sourcecode.swift; path = ViewController.swift; sourceTree = "<group>"; };
		BFD8C7EF1CC8C2CE008C852E /* Base */ = {isa = PBXFileReference; lastKnownFileType = file.storyboard; name = Base; path = Base.lproj/Main.storyboard; sourceTree = "<group>"; };
		BFD8C7F11CC8C2CE008C852E /* Assets.xcassets */ = {isa = PBXFileReference; lastKnownFileType = folder.assetcatalog; path = Assets.xcassets; sourceTree = "<group>"; };
		BFD8C7F41CC8C2CE008C852E /* Base */ = {isa = PBXFileReference; lastKnownFileType = file.storyboard; name = Base; path = Base.lproj/LaunchScreen.storyboard; sourceTree = "<group>"; };
		BFD8C7F61CC8C2CE008C852E /* Info.plist */ = {isa = PBXFileReference; lastKnownFileType = text.plist.xml; path = Info.plist; sourceTree = "<group>"; };
/* End PBXFileReference section */

/* Begin PBXFrameworksBuildPhase section */
		BFD8C7E41CC8C2CE008C852E /* Frameworks */ = {
			isa = PBXFrameworksBuildPhase;
			buildActionMask = 2147483647;
			files = (
			);
			runOnlyForDeploymentPostprocessing = 0;
		};
/* End PBXFrameworksBuildPhase section */

/* Begin PBXGroup section */
		BFD8C7DE1CC8C2CE008C852E = {
			isa = PBXGroup;
			children = (
				BFD8C7E91CC8C2CE008C852E /* hello */,
				BFD8C7E81CC8C2CE008C852E /* Products */,
			);
			sourceTree = "<group>";
		};
		BFD8C7E81CC8C2CE008C852E /* Products */ = {
			isa = PBXGroup;
			children = (
				BFD8C7E71CC8C2CE008C852E /* hello.app */,
			);
			name = Products;
			sourceTree = "<group>";
		};
		BFD8C7E91CC8C2CE008C852E /* hello */ = {
			isa = PBXGroup;
			children = (
				BFD8C7EA1CC8C2CE008C852E /* AppDelegate.swift */,
				BFD8C7EC1CC8C2CE008C852E /* ViewController.swift */,
				BFD8C7EE1CC8C2CE008C852E /* Main.storyboard */,
				BFD8C7F11CC8C2CE008C852E /* Assets.xcassets */,
				BFD8C7F31CC8C2CE008C852E /* LaunchScreen.storyboard */,
				BFD8C7F61CC8C2CE008C852E /* Info.plist */,
			);
			path = hello;
			sourceTree = "<group>";
		};
/* End PBXGroup section */

/* Begin PBXNativeTarget section */
		BFD8C7E61CC8C2CE008C852E /* hello */ = {
			isa = PBXNativeTarget;
			buildConfigurationList = BFD8C7F91CC8C2CE008C852E /* Build configuration list for PBXNativeTarget "hello" */;
			buildPhases = (
				BFD8C7E31CC8C2CE008C852E /* Sources */,
				BFD8C7E41CC8C2CE008C852E /* Frameworks */,
				BFD8C7E51CC8C2CE008C852E /* Resources */,
			);
			buildRules = (
			);
			dependencies = (
			);
			name = hello;
			productName = hello;
			productReference = BFD8C7E71CC8C2CE008C852E /* hello.app */;
			productType = "com.apple.product-type.application";
		};
/* End PBXNativeTarget section */

/* Begin PBXProject section */
		BFD8C7DF1CC8C2CE008C852E /* Project object */ = {
			isa = PBXProject;
			attributes = {
				LastSwiftUpdateCheck = 0730;
				LastUpgradeCheck = 0730;
				ORGANIZATIONNAME = Tracy;
				TargetAttributes = {
					BFD8C7E61CC8C2CE008C852E = {
						CreatedOnToolsVersion = 7.3;
					};
				};
			};
			buildConfigurationList = BFD8C7E21CC8C2CE008C852E /* Build configuration list for PBXProject "hello" */;
			compatibilityVersion = "Xcode 3.2";
			developmentRegion = English;
			hasScannedForEncodings = 0;
			knownRegions = (
				en,
				Base,
			);
			mainGroup = BFD8C7DE1CC8C2CE008C852E;
			productRefGroup = BFD8C7E81CC8C2CE008C852E /* Products */;
			projectDirPath = "";
			projectRoot = "";
			targets = (
				BFD8C7E61CC8C2CE008C852E /* hello */,
			);
		};
/* End PBXProject section */

/* Begin PBXResourcesBuildPhase section */
		BFD8C7E51CC8C2CE008C852E /* Resources */ = {
			isa = PBXResourcesBuildPhase;
			buildActionMask = 2147483647;
			files = (
				BFD8C7F51CC8C2CE008C852E /* LaunchScreen.storyboard in Resources */,
				BFD8C7F21CC8C2CE008C852E /* Assets.xcassets in Resources */,
				BFD8C7F01CC8C2CE008C852E /* Main.storyboard in Resources */,
			);
			runOnlyForDeploymentPostprocessing = 0;
		};
/* End PBXResourcesBuildPhase section */

/* Begin PBXSourcesBuildPhase section */
		BFD8C7E31CC8C2CE008C852E /* Sources */ = {
			isa = PBXSourcesBuildPhase;
			buildActionMask = 2147483647;
			files = (
				BFD8C7ED1CC8C2CE008C852E /* ViewController.swift in Sources */,
				BFD8C7EB1CC8C2CE008C852E /* AppDelegate.swift in Sources */,
			);
			runOnlyForDeploymentPostprocessing = 0;
		};
/* End PBXSourcesBuildPhase section */

/* Begin PBXVariantGroup section */
		BFD8C7EE1CC8C2CE008C852E /* Main.storyboard */ = {
			isa = PBXVariantGroup;
			children = (
				BFD8C7EF1CC8C2CE008C852E /* Base */,
			);
			name = Main.storyboard;
			sourceTree = "<group>";
		};
		BFD8C7F31CC8C2CE008C852E /* LaunchScreen.storyboard */ = {
			isa = PBXVariantGroup;
			children = (
				BFD8C7F41CC8C2CE008C852E /* Base */,
			);
			name = LaunchScreen.storyboard;
			sourceTree = "<group>";
		};
/* End PBXVariantGroup section */

/* Begin XCBuildConfiguration section */
		BFD8C7F71CC8C2CE008C852E /* Debug */ = {
			isa = XCBuildConfiguration;
			buildSettings = {
				ALWAYS_SEARCH_USER_PATHS = NO;
				CLANG_ANALYZER_NONNULL = YES;
				CLANG_CXX_LANGUAGE_STANDARD = "gnu++0x";
				CLANG_CXX_LIBRARY = "libc++";
				CLANG_ENABLE_MODULES = YES;
				CLANG_ENABLE_OBJC_ARC = YES;
				CLANG_WARN_BOOL_CONVERSION = YES;
				CLANG_WARN_CONSTANT_CONVERSION = YES;
				CLANG_WARN_DIRECT_OBJC_ISA_USAGE = YES_ERROR;
				CLANG_WARN_EMPTY_BODY = YES;
				CLANG_WARN_ENUM_CONVERSION = YES;
				CLANG_WARN_INT_CONVERSION = YES;
				CLANG_WARN_OBJC_ROOT_CLASS = YES_ERROR;
				CLANG_WARN_UNREACHABLE_CODE = YES;
				CLANG_WARN__DUPLICATE_METHOD_MATCH = YES;
				"CODE_SIGN_IDENTITY[sdk=iphoneos*]" = "iPhone Developer";
				COPY_PHASE_STRIP = NO;
				DEBUG_INFORMATION_FORMAT = dwarf;
				ENABLE_STRICT_OBJC_MSGSEND = YES;
				ENABLE_TESTABILITY = YES;
				GCC_C_LANGUAGE_STANDARD = gnu99;
				GCC_DYNAMIC_NO_PIC = NO;
				GCC_NO_COMMON_BLOCKS = YES;
				GCC_OPTIMIZATION_LEVEL = 0;
				GCC_PREPROCESSOR_DEFINITIONS = (
					"DEBUG=1",
					"$(inherited)",
				);
				GCC_WARN_64_TO_32_BIT_CONVERSION = YES;
				GCC_WARN_ABOUT_RETURN_TYPE = YES_ERROR;
				GCC_WARN_UNDECLARED_SELECTOR = YES;
				GCC_WARN_UNINITIALIZED_AUTOS = YES_AGGRESSIVE;
				GCC_WARN_UNUSED_FUNCTION = YES;
				GCC_WARN_UNUSED_VARIABLE = YES;
				IPHONEOS_DEPLOYMENT_TARGET = 9.3;
				MTL_ENABLE_DEBUG_INFO = YES;
				ONLY_ACTIVE_ARCH = YES;
				SDKROOT = iphoneos;
				SWIFT_OPTIMIZATION_LEVEL = "-Onone";
			};
			name = Debug;
		};
		BFD8C7F81CC8C2CE008C852E /* Release */ = {
			isa = XCBuildConfiguration;
			buildSettings = {
				ALWAYS_SEARCH_USER_PATHS = NO;
				CLANG_ANALYZER_NONNULL = YES;
				CLANG_CXX_LANGUAGE_STANDARD = "gnu++0x";
				CLANG_CXX_LIBRARY = "libc++";
				CLANG_ENABLE_MODULES = YES;
				CLANG_ENABLE_OBJC_ARC = YES;
				CLANG_WARN_BOOL_CONVERSION = YES;
				CLANG_WARN_CONSTANT_CONVERSION = YES;
				CLANG_WARN_DIRECT_OBJC_ISA_USAGE = YES_ERROR;
				CLANG_WARN_EMPTY_BODY = YES;
				CLANG_WARN_ENUM_CONVERSION = YES;
				CLANG_WARN_INT_CONVERSION = YES;
				CLANG_WARN_OBJC_ROOT_CLASS = YES_ERROR;
				CLANG_WARN_UNREACHABLE_CODE = YES;
				CLANG_WARN__DUPLICATE_METHOD_MATCH = YES;
				"CODE_SIGN_IDENTITY[sdk=iphoneos*]" = "iPhone Developer";
				COPY_PHASE_STRIP = NO;
				DEBUG_INFORMATION_FORMAT = "dwarf-with-dsym";
				ENABLE_NS_ASSERTIONS = NO;
				ENABLE_STRICT_OBJC_MSGSEND = YES;
				GCC_C_LANGUAGE_STANDARD = gnu99;
				GCC_NO_COMMON_BLOCKS = YES;
				GCC_WARN_64_TO_32_BIT_CONVERSION = YES;
				GCC_WARN_ABOUT_RETURN_TYPE = YES_ERROR;
				GCC_WARN_UNDECLARED_SELECTOR = YES;
				GCC_WARN_UNINITIALIZED_AUTOS = YES_AGGRESSIVE;
				GCC_WARN_UNUSED_FUNCTION = YES;
				GCC_WARN_UNUSED_VARIABLE = YES;
				IPHONEOS_DEPLOYMENT_TARGET = 9.3;
				MTL_ENABLE_DEBUG_INFO = NO;
				SDKROOT = iphoneos;
				VALIDATE_PRODUCT = YES;
			};
			name = Release;
		};
		BFD8C7FA1CC8C2CE008C852E /* Debug */ = {
			isa = XCBuildConfiguration;
			buildSettings = {
				ASSETCATALOG_COMPILER_APPICON_NAME = AppIcon;
				INFOPLIST_FILE = hello/Info.plist;
				LD_RUNPATH_SEARCH_PATHS = "$(inherited) @executable_path/Frameworks";
				PRODUCT_BUNDLE_IDENTIFIER = LearnSwift.hello;
				PRODUCT_NAME = "$(TARGET_NAME)";
			};
			name = Debug;
		};
		BFD8C7FB1CC8C2CE008C852E /* Release */ = {
			isa = XCBuildConfiguration;
			buildSettings = {
				ASSETCATALOG_COMPILER_APPICON_NAME = AppIcon;
				INFOPLIST_FILE = hello/Info.plist;
				LD_RUNPATH_SEARCH_PATHS = "$(inherited) @executable_path/Frameworks";
				PRODUCT_BUNDLE_IDENTIFIER = LearnSwift.hello;
				PRODUCT_NAME = "$(TARGET_NAME)";
			};
			name = Release;
		};
/* End XCBuildConfiguration section */

/* Begin XCConfigurationList section */
		BFD8C7E21CC8C2CE008C852E /* Build configuration list for PBXProject "hello" */ = {
			isa = XCConfigurationList;
			buildConfigurations = (
				BFD8C7F71CC8C2CE008C852E /* Debug */,
				BFD8C7F81CC8C2CE008C852E /* Release */,
			);
			defaultConfigurationIsVisible = 0;
			defaultConfigurationName = Release;
		};
		BFD8C7F91CC8C2CE008C852E /* Build configuration list for PBXNativeTarget "hello" */ = {
			isa = XCConfigurationList;
			buildConfigurations = (
				BFD8C7FA1CC8C2CE008C852E /* Debug */,
				BFD8C7FB1CC8C2CE008C852E /* Release */,
			);
			defaultConfigurationIsVisible = 0;
		};
/* End XCConfigurationList section */
	};
	rootObject = BFD8C7DF1CC8C2CE008C852E /* Project object */;
}
